{
  "name": "knm",
  "lockfileVersion": 3,
  "requires": true,
  "packages": {
    "": {
      "dependencies": {
        "shtmlm": "^1.0.1"
      }
    },
    "node_modules/shtmlm": {
      "version": "1.1.1",
      "resolved": "https://registry.npmjs.org/shtmlm/-/shtmlm-1.1.1.tgz",
      "integrity": "sha512-2oeTFiLsEML0lL13KuIkPqvMpo0V4NKkKwVAN9xJGVIPK4sXChMH2SnR4nzcY/jcouZGMUEgj8gJCyViQWG9zQ==",
      "bin": {
        "shtmlm": "src/index.js"
      }
    }
  }
}
